
Microsoft Visual Studio Solution File, Format Version 12.00
# Visual Studio Version 17
VisualStudioVersion = 17.14.36511.14
MinimumVisualStudioVersion = 10.0.40219.1
Project("{FAE04EC0-301F-11D3-BF4B-00C04F79EFBC}") = "TrainerScheduler", "TrainerScheduler.csproj", "{0F278968-0F33-3492-EA0F-EEB5FB699C7F}"
EndProject
Global
	GlobalSection(SolutionConfigurationPlatforms) = preSolution
		Debug|Any CPU = Debug|Any CPU
		Release|Any CPU = Release|Any CPU
	EndGlobalSection
	GlobalSection(ProjectConfigurationPlatforms) = postSolution
		{0F278968-0F33-3492-EA0F-EEB5FB699C7F}.Debug|Any CPU.ActiveCfg = Debug|Any CPU
		{0F278968-0F33-3492-EA0F-EEB5FB699C7F}.Debug|Any CPU.Build.0 = Debug|Any CPU
		{0F278968-0F33-3492-EA0F-EEB5FB699C7F}.Release|Any CPU.ActiveCfg = Release|Any CPU
		{0F278968-0F33-3492-EA0F-EEB5FB699C7F}.Release|Any CPU.Build.0 = Release|Any CPU
	EndGlobalSection
	GlobalSection(SolutionProperties) = preSolution
		HideSolutionNode = FALSE
	EndGlobalSection
	GlobalSection(ExtensibilityGlobals) = postSolution
		SolutionGuid = {431BFAD7-19B2-4B66-9C8B-076ED0FA13AD}
	EndGlobalSection
EndGlobal
